
Microsoft Visual Studio Solution File, Format Version 12.00
# Visual Studio Version 16
VisualStudioVersion = 16.0.29230.47
MinimumVisualStudioVersion = 10.0.40219.1
Project("{FAE04EC0-301F-11D3-BF4B-00C04F79EFBC}") = "EasyViewer", "EasyViewer\EasyViewer.csproj", "{335D8CC6-7C8B-4944-93B6-3E18C6E0EF01}"
EndProject
Global
	GlobalSection(SolutionConfigurationPlatforms) = preSolution
		Debug|Any CPU = Debug|Any CPU
		Debug|x64 = Debug|x64
		Release|Any CPU = Release|Any CPU
		Release|x64 = Release|x64
		Sepo_EasyViewer|Any CPU = Sepo_EasyViewer|Any CPU
		Sepo_EasyViewer|x64 = Sepo_EasyViewer|x64
	EndGlobalSection
	GlobalSection(ProjectConfigurationPlatforms) = postSolution
		{335D8CC6-7C8B-4944-93B6-3E18C6E0EF01}.Debug|Any CPU.ActiveCfg = Debug|Any CPU
		{335D8CC6-7C8B-4944-93B6-3E18C6E0EF01}.Debug|Any CPU.Build.0 = Debug|Any CPU
		{335D8CC6-7C8B-4944-93B6-3E18C6E0EF01}.Debug|x64.ActiveCfg = Debug|x64
		{335D8CC6-7C8B-4944-93B6-3E18C6E0EF01}.Debug|x64.Build.0 = Debug|x64
		{335D8CC6-7C8B-4944-93B6-3E18C6E0EF01}.Release|Any CPU.ActiveCfg = Release|Any CPU
		{335D8CC6-7C8B-4944-93B6-3E18C6E0EF01}.Release|Any CPU.Build.0 = Release|Any CPU
		{335D8CC6-7C8B-4944-93B6-3E18C6E0EF01}.Release|x64.ActiveCfg = Release|x64
		{335D8CC6-7C8B-4944-93B6-3E18C6E0EF01}.Release|x64.Build.0 = Release|x64
		{335D8CC6-7C8B-4944-93B6-3E18C6E0EF01}.Sepo_EasyViewer|Any CPU.ActiveCfg = Release|x64
		{335D8CC6-7C8B-4944-93B6-3E18C6E0EF01}.Sepo_EasyViewer|Any CPU.Build.0 = Release|x64
		{335D8CC6-7C8B-4944-93B6-3E18C6E0EF01}.Sepo_EasyViewer|x64.ActiveCfg = Sepo_EasyViewer|x64
		{335D8CC6-7C8B-4944-93B6-3E18C6E0EF01}.Sepo_EasyViewer|x64.Build.0 = Sepo_EasyViewer|x64
	EndGlobalSection
	GlobalSection(SolutionProperties) = preSolution
		HideSolutionNode = FALSE
	EndGlobalSection
	GlobalSection(ExtensibilityGlobals) = postSolution
		SolutionGuid = {8AE39088-9BCD-4F84-997A-E832484038A2}
	EndGlobalSection
EndGlobal
