
Microsoft Visual Studio Solution File, Format Version 12.00
# Visual Studio Version 16
VisualStudioVersion = 16.0.29230.47
MinimumVisualStudioVersion = 10.0.40219.1
Project("{FAE04EC0-301F-11D3-BF4B-00C04F79EFBC}") = "EasyViewer", "EasyViewer\EasyViewer.csproj", "{335D8CC6-7C8B-4944-93B6-3E18C6E0EF01}"
EndProject
Project("{FAE04EC0-301F-11D3-BF4B-00C04F79EFBC}") = "ConsolePolygon", "ConsolePolygon\ConsolePolygon.csproj", "{511CB6FF-EA62-4B55-94A1-A954BAF31A5A}"
EndProject
Project("{FAE04EC0-301F-11D3-BF4B-00C04F79EFBC}") = "WPFPolygon", "WPFPolygon\WPFPolygon.csproj", "{651BF6C3-C35E-497C-9F6C-4EB75766424C}"
EndProject
Global
	GlobalSection(SolutionConfigurationPlatforms) = preSolution
		Debug|Any CPU = Debug|Any CPU
		Release|Any CPU = Release|Any CPU
	EndGlobalSection
	GlobalSection(ProjectConfigurationPlatforms) = postSolution
		{335D8CC6-7C8B-4944-93B6-3E18C6E0EF01}.Debug|Any CPU.ActiveCfg = Debug|Any CPU
		{335D8CC6-7C8B-4944-93B6-3E18C6E0EF01}.Debug|Any CPU.Build.0 = Debug|Any CPU
		{335D8CC6-7C8B-4944-93B6-3E18C6E0EF01}.Release|Any CPU.ActiveCfg = Release|Any CPU
		{335D8CC6-7C8B-4944-93B6-3E18C6E0EF01}.Release|Any CPU.Build.0 = Release|Any CPU
		{511CB6FF-EA62-4B55-94A1-A954BAF31A5A}.Debug|Any CPU.ActiveCfg = Debug|Any CPU
		{511CB6FF-EA62-4B55-94A1-A954BAF31A5A}.Debug|Any CPU.Build.0 = Debug|Any CPU
		{511CB6FF-EA62-4B55-94A1-A954BAF31A5A}.Release|Any CPU.ActiveCfg = Release|Any CPU
		{511CB6FF-EA62-4B55-94A1-A954BAF31A5A}.Release|Any CPU.Build.0 = Release|Any CPU
		{651BF6C3-C35E-497C-9F6C-4EB75766424C}.Debug|Any CPU.ActiveCfg = Debug|Any CPU
		{651BF6C3-C35E-497C-9F6C-4EB75766424C}.Debug|Any CPU.Build.0 = Debug|Any CPU
		{651BF6C3-C35E-497C-9F6C-4EB75766424C}.Release|Any CPU.ActiveCfg = Release|Any CPU
		{651BF6C3-C35E-497C-9F6C-4EB75766424C}.Release|Any CPU.Build.0 = Release|Any CPU
	EndGlobalSection
	GlobalSection(SolutionProperties) = preSolution
		HideSolutionNode = FALSE
	EndGlobalSection
	GlobalSection(ExtensibilityGlobals) = postSolution
		SolutionGuid = {8AE39088-9BCD-4F84-997A-E832484038A2}
	EndGlobalSection
EndGlobal
